
Microsoft Visual Studio Solution File, Format Version 12.00
# Visual Studio Version 16
VisualStudioVersion = 16.0.31129.286
MinimumVisualStudioVersion = 10.0.40219.1
Project("{FAE04EC0-301F-11D3-BF4B-00C04F79EFBC}") = "Projeto01", "Projeto01\Projeto01.csproj", "{427566AD-2FC4-48E1-BD8B-D05621EE67ED}"
EndProject
Global
	GlobalSection(SolutionConfigurationPlatforms) = preSolution
		Debug|Any CPU = Debug|Any CPU
		Release|Any CPU = Release|Any CPU
	EndGlobalSection
	GlobalSection(ProjectConfigurationPlatforms) = postSolution
		{427566AD-2FC4-48E1-BD8B-D05621EE67ED}.Debug|Any CPU.ActiveCfg = Debug|Any CPU
		{427566AD-2FC4-48E1-BD8B-D05621EE67ED}.Debug|Any CPU.Build.0 = Debug|Any CPU
		{427566AD-2FC4-48E1-BD8B-D05621EE67ED}.Release|Any CPU.ActiveCfg = Release|Any CPU
		{427566AD-2FC4-48E1-BD8B-D05621EE67ED}.Release|Any CPU.Build.0 = Release|Any CPU
	EndGlobalSection
	GlobalSection(SolutionProperties) = preSolution
		HideSolutionNode = FALSE
	EndGlobalSection
	GlobalSection(ExtensibilityGlobals) = postSolution
		SolutionGuid = {313EF41C-0B81-4723-B138-B84D34B9B166}
	EndGlobalSection
EndGlobal
